{
  "name": "pine-server",
  "version": "1.0.0",
  "lockfileVersion": 2,
  "requires": true,
  "packages": {
    "": {
      "version": "1.0.0",
      "license": "ISC",
      "dependencies": {
        "@pinechat/pine.js": "^1.0.0"
      }
    },
    "node_modules/@pinechat/pine.js": {
      "version": "1.0.0",
      "resolved": "https://registry.npmjs.org/@pinechat/pine.js/-/pine.js-1.0.0.tgz",
      "integrity": "sha512-5DhI8wFJm3VETQxoYRnId75Uva5kRWvCNWwUa8lA3L5z0xvipbu4lQKXmWk1GhuVC8WtrZCfyxLUPw+amQXQow=="
    }
  },
  "dependencies": {
    "@pinechat/pine.js": {
      "version": "1.0.0",
      "resolved": "https://registry.npmjs.org/@pinechat/pine.js/-/pine.js-1.0.0.tgz",
      "integrity": "sha512-5DhI8wFJm3VETQxoYRnId75Uva5kRWvCNWwUa8lA3L5z0xvipbu4lQKXmWk1GhuVC8WtrZCfyxLUPw+amQXQow=="
    }
  }
}
